
Microsoft Visual Studio Solution File, Format Version 12.00
# Visual Studio 15
VisualStudioVersion = 15.0.27130.2010
MinimumVisualStudioVersion = 10.0.40219.1
Project("{FAE04EC0-301F-11D3-BF4B-00C04F79EFBC}") = "GodotApiTools", "GodotApiTools\GodotApiTools.csproj", "{5FAB4206-0248-4CD4-BC01-CF0171FC110A}"
EndProject
Global
	GlobalSection(SolutionConfigurationPlatforms) = preSolution
		Debug|Any CPU = Debug|Any CPU
		Release|Any CPU = Release|Any CPU
	EndGlobalSection
	GlobalSection(ProjectConfigurationPlatforms) = postSolution
		{5FAB4206-0248-4CD4-BC01-CF0171FC110A}.Debug|Any CPU.ActiveCfg = Debug|Any CPU
		{5FAB4206-0248-4CD4-BC01-CF0171FC110A}.Debug|Any CPU.Build.0 = Debug|Any CPU
		{5FAB4206-0248-4CD4-BC01-CF0171FC110A}.Release|Any CPU.ActiveCfg = Release|Any CPU
		{5FAB4206-0248-4CD4-BC01-CF0171FC110A}.Release|Any CPU.Build.0 = Release|Any CPU
	EndGlobalSection
	GlobalSection(SolutionProperties) = preSolution
		HideSolutionNode = FALSE
	EndGlobalSection
	GlobalSection(ExtensibilityGlobals) = postSolution
		SolutionGuid = {F1E545AB-E2B4-412A-9AFD-116D8E8DFD0D}
	EndGlobalSection
EndGlobal
